
Microsoft Visual Studio Solution File, Format Version 12.00
# Visual Studio Version 17
VisualStudioVersion = 17.8.34525.116
MinimumVisualStudioVersion = 10.0.40219.1
Project("{FAE04EC0-301F-11D3-BF4B-00C04F79EFBC}") = "PrimeNumber IX-F", "PrimeNumber IX-F.csproj", "{AA384589-3EEB-41DC-AD81-7A74A3BAC402}"
EndProject
Global
	GlobalSection(SolutionConfigurationPlatforms) = preSolution
		Debug|Any CPU = Debug|Any CPU
		Release|Any CPU = Release|Any CPU
	EndGlobalSection
	GlobalSection(ProjectConfigurationPlatforms) = postSolution
		{AA384589-3EEB-41DC-AD81-7A74A3BAC402}.Debug|Any CPU.ActiveCfg = Debug|Any CPU
		{AA384589-3EEB-41DC-AD81-7A74A3BAC402}.Debug|Any CPU.Build.0 = Debug|Any CPU
		{AA384589-3EEB-41DC-AD81-7A74A3BAC402}.Release|Any CPU.ActiveCfg = Release|Any CPU
		{AA384589-3EEB-41DC-AD81-7A74A3BAC402}.Release|Any CPU.Build.0 = Release|Any CPU
	EndGlobalSection
	GlobalSection(SolutionProperties) = preSolution
		HideSolutionNode = FALSE
	EndGlobalSection
	GlobalSection(ExtensibilityGlobals) = postSolution
		SolutionGuid = {6D30B828-714C-4E94-BCAB-42D7D40284D7}
	EndGlobalSection
EndGlobal
